{
  "requires": true,
  "lockfileVersion": 1,
  "dependencies": {
    "cordova-plugin-whitelist": {
      "version": "git+https://github.com/apache/cordova-plugin-whitelist.git#34ed9d0c2fb5d80ae20926a1b88a48bafd0ce856",
      "from": "git+https://github.com/apache/cordova-plugin-whitelist.git"
    }
  }
}
